{
  "name": "ecs",
  "version": "1.0.0",
  "lockfileVersion": 1,
  "requires": true,
  "dependencies": {
    "@vux0303/ecs-with-replication": {
      "version": "1.1.0",
      "resolved": "https://registry.npmjs.org/@vux0303/ecs-with-replication/-/ecs-with-replication-1.1.0.tgz",
      "integrity": "sha512-4DpXfbFe1LWjRLQ7F9d1Yj0r16xj2rIL5N08c1GK+/NCEQ09e6GyXdfdVSYs1MoC8WifCFAnUR7ZbtnfIjZpyw=="
    },
    "reflect-metadata": {
      "version": "0.1.13",
      "resolved": "https://registry.npmjs.org/reflect-metadata/-/reflect-metadata-0.1.13.tgz",
      "integrity": "sha512-Ts1Y/anZELhSsjMcU605fU9RE4Oi3p5ORujwbIKXfWa+0Zxs510Qrmrce5/Jowq3cHSZSJqBjypxmHarc+vEWg=="
    }
  }
}
