{
  "name": "ecs",
  "version": "1.0.0",
  "lockfileVersion": 1,
  "requires": true,
  "dependencies": {
    "@vux0303/ecs-with-replication": {
      "version": "1.0.8",
      "resolved": "https://registry.npmjs.org/@vux0303/ecs-with-replication/-/ecs-with-replication-1.0.8.tgz",
      "integrity": "sha512-9iaRMGFhMdmPR1l42NbfbIXlHyhrhLm+gsx7bOPOEfOK1tZtPc/JFqrOwbVW/Ucns4laRQDr8OJxKYbuS5uSHw=="
    },
    "reflect-metadata": {
      "version": "0.1.13",
      "resolved": "https://registry.npmjs.org/reflect-metadata/-/reflect-metadata-0.1.13.tgz",
      "integrity": "sha512-Ts1Y/anZELhSsjMcU605fU9RE4Oi3p5ORujwbIKXfWa+0Zxs510Qrmrce5/Jowq3cHSZSJqBjypxmHarc+vEWg=="
    }
  }
}
